Microsoft Visual Studio Solution File, Format Version 12.00
# Visual Studio Version 17
VisualStudioVersion = 17.14.35806.103
MinimumVisualStudioVersion = 10.0.40219.1
Project("{FAE04EC0-301F-11D3-BF4B-00C04F79EFBC}") = "DemoApp", "DemoApp\DemoApp.csproj", "{57A2FC0C-3678-45C9-9830-F28CF677FB47}"
EndProject
Global
	GlobalSection(SolutionConfigurationPlatforms) = preSolution
		Debug|Any CPU = Debug|Any CPU
		Release|Any CPU = Release|Any CPU
	EndGlobalSection
	GlobalSection(ProjectConfigurationPlatforms) = postSolution
		{57A2FC0C-3678-45C9-9830-F28CF677FB47}.Debug|Any CPU.ActiveCfg = Debug|Any CPU
		{57A2FC0C-3678-45C9-9830-F28CF677FB47}.Debug|Any CPU.Build.0 = Debug|Any CPU
		{57A2FC0C-3678-45C9-9830-F28CF677FB47}.Release|Any CPU.ActiveCfg = Release|Any CPU
		{57A2FC0C-3678-45C9-9830-F28CF677FB47}.Release|Any CPU.Build.0 = Release|Any CPU
	EndGlobalSection
	GlobalSection(SolutionProperties) = preSolution
		HideSolutionNode = FALSE
	EndGlobalSection
	GlobalSection(ExtensibilityGlobals) = postSolution
		SolutionGuid = {4BF79F2D-6A1E-4755-8D37-EF96A1F70354}
	EndGlobalSection
EndGlobal
